
Microsoft Visual Studio Solution File, Format Version 12.00
# Visual Studio Version 17
VisualStudioVersion = 17.5.002.0
MinimumVisualStudioVersion = 10.0.40219.1
Project("{2150E333-8FDC-42A3-9474-1A3956D46DE8}") = "src", "src", "{F2DAE552-1F9D-455C-BE23-4AF2EE9D93AC}"
EndProject
Project("{9A19103F-16F7-4668-BE54-9A1E7A4F7556}") = "Aoxe.Extensions.Configuration", "src\Aoxe.Extensions.Configuration\Aoxe.Extensions.Configuration.csproj", "{D39C3849-0AD1-4159-A48A-0D9E5C4DEDF5}"
EndProject
Project("{9A19103F-16F7-4668-BE54-9A1E7A4F7556}") = "Aoxe.Extensions.Configuration.IniParser", "src\Aoxe.Extensions.Configuration.IniParser\Aoxe.Extensions.Configuration.IniParser.csproj", "{41E3EEA2-6720-4AAD-A391-198B99574AAA}"
EndProject
Project("{9A19103F-16F7-4668-BE54-9A1E7A4F7556}") = "Aoxe.Extensions.Configuration.NewtonsoftJson", "src\Aoxe.Extensions.Configuration.NewtonsoftJson\Aoxe.Extensions.Configuration.NewtonsoftJson.csproj", "{467F03E1-9FC9-4EF7-B345-76039E5A7218}"
EndProject
Project("{9A19103F-16F7-4668-BE54-9A1E7A4F7556}") = "Aoxe.Extensions.Configuration.SharpYaml", "src\Aoxe.Extensions.Configuration.SharpYaml\Aoxe.Extensions.Configuration.SharpYaml.csproj", "{DC197875-DACF-44DD-9557-431C9A8DAA2E}"
EndProject
Project("{9A19103F-16F7-4668-BE54-9A1E7A4F7556}") = "Aoxe.Extensions.Configuration.Tomlet", "src\Aoxe.Extensions.Configuration.Tomlet\Aoxe.Extensions.Configuration.Tomlet.csproj", "{02E4FA82-ED98-49A5-B0B8-35EC93C23B9B}"
EndProject
Project("{9A19103F-16F7-4668-BE54-9A1E7A4F7556}") = "Aoxe.Extensions.Configuration.Tomlyn", "src\Aoxe.Extensions.Configuration.Tomlyn\Aoxe.Extensions.Configuration.Tomlyn.csproj", "{84F7E09D-901C-4D55-BCD8-E1A2E9E4D295}"
EndProject
Project("{9A19103F-16F7-4668-BE54-9A1E7A4F7556}") = "Aoxe.Extensions.Configuration.YamlDotNet", "src\Aoxe.Extensions.Configuration.YamlDotNet\Aoxe.Extensions.Configuration.YamlDotNet.csproj", "{4DB2A442-BB4E-42C7-99D1-711ADB9B0730}"
EndProject
Project("{2150E333-8FDC-42A3-9474-1A3956D46DE8}") = "tests", "tests", "{1A7F7476-FFA4-4DA0-8F23-2AA94823922A}"
EndProject
Project("{9A19103F-16F7-4668-BE54-9A1E7A4F7556}") = "Aoxe.Configuration.UnitTest", "tests\Aoxe.Configuration.UnitTest\Aoxe.Configuration.UnitTest.csproj", "{F2C23A81-8B9C-41DB-8009-32FF65F78D9D}"
EndProject
Project("{9A19103F-16F7-4668-BE54-9A1E7A4F7556}") = "Aoxe.IniParserConfiguration.UnitTest", "tests\Aoxe.IniParserConfiguration.UnitTest\Aoxe.IniParserConfiguration.UnitTest.csproj", "{053DE0CD-137C-4BA7-9227-8D68FCAA8BE0}"
EndProject
Project("{9A19103F-16F7-4668-BE54-9A1E7A4F7556}") = "Aoxe.NewtonsoftJsonConfiguration.UnitTest", "tests\Aoxe.NewtonsoftJsonConfiguration.UnitTest\Aoxe.NewtonsoftJsonConfiguration.UnitTest.csproj", "{4D7CAE01-0B2F-408C-BE49-BA22B66C9DDE}"
EndProject
Project("{9A19103F-16F7-4668-BE54-9A1E7A4F7556}") = "Aoxe.SharpYamlConfiguration.UnitTest", "tests\Aoxe.SharpYamlConfiguration.UnitTest\Aoxe.SharpYamlConfiguration.UnitTest.csproj", "{262C77DC-AB68-4907-8CA7-C1A38963EE33}"
EndProject
Project("{9A19103F-16F7-4668-BE54-9A1E7A4F7556}") = "Aoxe.TomletConfiguration.UnitTest", "tests\Aoxe.TomletConfiguration.UnitTest\Aoxe.TomletConfiguration.UnitTest.csproj", "{CDC1EC99-27F8-4AFC-9312-B66C6180BC2D}"
EndProject
Project("{9A19103F-16F7-4668-BE54-9A1E7A4F7556}") = "Aoxe.TomlynConfiguration.UnitTest", "tests\Aoxe.TomlynConfiguration.UnitTest\Aoxe.TomlynConfiguration.UnitTest.csproj", "{7D1509E3-9F79-43BB-9A67-145C3382F82C}"
EndProject
Project("{9A19103F-16F7-4668-BE54-9A1E7A4F7556}") = "Aoxe.YamlDotNetConfiguration.UnitTest", "tests\Aoxe.YamlDotNetConfiguration.UnitTest\Aoxe.YamlDotNetConfiguration.UnitTest.csproj", "{5B0600F8-907C-4ABE-9A01-94F64C4463D3}"
EndProject
Project("{2150E333-8FDC-42A3-9474-1A3956D46DE8}") = "Flatteners", "Flatteners", "{D393A884-89ED-419E-BEB5-6422A4BA5981}"
EndProject
Project("{9A19103F-16F7-4668-BE54-9A1E7A4F7556}") = "Aoxe.Extensions.Configuration.Flattener.Abstractions", "src\Flatteners\Aoxe.Extensions.Configuration.Flattener.Abstractions\Aoxe.Extensions.Configuration.Flattener.Abstractions.csproj", "{74F8815A-CC5D-4C8B-993F-85509CAF2CA8}"
EndProject
Project("{9A19103F-16F7-4668-BE54-9A1E7A4F7556}") = "Aoxe.Extensions.Configuration.Flattener.Ini", "src\Flatteners\Aoxe.Extensions.Configuration.Flattener.Ini\Aoxe.Extensions.Configuration.Flattener.Ini.csproj", "{C643D13C-0AFE-4AC7-B341-47AE13776C9D}"
EndProject
Project("{9A19103F-16F7-4668-BE54-9A1E7A4F7556}") = "Aoxe.Extensions.Configuration.Flattener.IniParser", "src\Flatteners\Aoxe.Extensions.Configuration.Flattener.IniParser\Aoxe.Extensions.Configuration.Flattener.IniParser.csproj", "{9A3C9EBE-E8FB-40FE-8E62-69642EB4725B}"
EndProject
Project("{9A19103F-16F7-4668-BE54-9A1E7A4F7556}") = "Aoxe.Extensions.Configuration.Flattener.Json", "src\Flatteners\Aoxe.Extensions.Configuration.Flattener.Json\Aoxe.Extensions.Configuration.Flattener.Json.csproj", "{81032BDE-7AD8-4EE8-A734-7821A65E4C75}"
EndProject
Project("{9A19103F-16F7-4668-BE54-9A1E7A4F7556}") = "Aoxe.Extensions.Configuration.Flattener.NewtonsoftJson", "src\Flatteners\Aoxe.Extensions.Configuration.Flattener.NewtonsoftJson\Aoxe.Extensions.Configuration.Flattener.NewtonsoftJson.csproj", "{1B79A88E-89BA-43D7-B625-3CF128253388}"
EndProject
Project("{9A19103F-16F7-4668-BE54-9A1E7A4F7556}") = "Aoxe.Extensions.Configuration.Flattener.SharpYaml", "src\Flatteners\Aoxe.Extensions.Configuration.Flattener.SharpYaml\Aoxe.Extensions.Configuration.Flattener.SharpYaml.csproj", "{305B1F17-4973-4FDE-87EC-23320DCF9CF8}"
EndProject
Project("{9A19103F-16F7-4668-BE54-9A1E7A4F7556}") = "Aoxe.Extensions.Configuration.Flattener.Tomlet", "src\Flatteners\Aoxe.Extensions.Configuration.Flattener.Tomlet\Aoxe.Extensions.Configuration.Flattener.Tomlet.csproj", "{A1A98E8F-6C29-4C94-819A-E87DFAAD6CAC}"
EndProject
Project("{9A19103F-16F7-4668-BE54-9A1E7A4F7556}") = "Aoxe.Extensions.Configuration.Flattener.Tomlyn", "src\Flatteners\Aoxe.Extensions.Configuration.Flattener.Tomlyn\Aoxe.Extensions.Configuration.Flattener.Tomlyn.csproj", "{EB01644A-EB27-4002-B0D8-E97A64496B4A}"
EndProject
Project("{9A19103F-16F7-4668-BE54-9A1E7A4F7556}") = "Aoxe.Extensions.Configuration.Flattener.Xml", "src\Flatteners\Aoxe.Extensions.Configuration.Flattener.Xml\Aoxe.Extensions.Configuration.Flattener.Xml.csproj", "{A163F74D-5096-4751-B079-7C010571BB86}"
EndProject
Project("{9A19103F-16F7-4668-BE54-9A1E7A4F7556}") = "Aoxe.Extensions.Configuration.Flattener.YamlDotNet", "src\Flatteners\Aoxe.Extensions.Configuration.Flattener.YamlDotNet\Aoxe.Extensions.Configuration.Flattener.YamlDotNet.csproj", "{2FB5C195-CD61-4651-99D4-BE11F4B6BBCD}"
EndProject
Project("{2150E333-8FDC-42A3-9474-1A3956D46DE8}") = "FlattenerTests", "FlattenerTests", "{FAC1E03E-4C1D-4F4A-AB55-41C341488EFE}"
EndProject
Project("{9A19103F-16F7-4668-BE54-9A1E7A4F7556}") = "Aoxe.Extensions.Configuration.Flattener.Ini.UnitTest", "tests\FlattenerTests\Aoxe.Extensions.Configuration.Flattener.Ini.UnitTest\Aoxe.Extensions.Configuration.Flattener.Ini.UnitTest.csproj", "{8A290455-E68F-41BF-BEDB-18B65D67C8D3}"
EndProject
Project("{9A19103F-16F7-4668-BE54-9A1E7A4F7556}") = "Aoxe.Extensions.Configuration.Flattener.IniParser.UnitTest", "tests\FlattenerTests\Aoxe.Extensions.Configuration.Flattener.IniParser.UnitTest\Aoxe.Extensions.Configuration.Flattener.IniParser.UnitTest.csproj", "{0F03D4C7-A92E-4A91-89CB-2442FB953AA3}"
EndProject
Project("{9A19103F-16F7-4668-BE54-9A1E7A4F7556}") = "Aoxe.Extensions.Configuration.Flattener.Json.UnitTest", "tests\FlattenerTests\Aoxe.Extensions.Configuration.Flattener.Json.UnitTest\Aoxe.Extensions.Configuration.Flattener.Json.UnitTest.csproj", "{DEDE5808-5696-4D11-AD60-0597A52BFC41}"
EndProject
Project("{9A19103F-16F7-4668-BE54-9A1E7A4F7556}") = "Aoxe.Extensions.Configuration.Flattener.NewtonsoftJson.UnitTest", "tests\FlattenerTests\Aoxe.Extensions.Configuration.Flattener.NewtonsoftJson.UnitTest\Aoxe.Extensions.Configuration.Flattener.NewtonsoftJson.UnitTest.csproj", "{FDF8C950-85FD-4CF1-94ED-0B081B16598B}"
EndProject
Project("{9A19103F-16F7-4668-BE54-9A1E7A4F7556}") = "Aoxe.Extensions.Configuration.Flattener.SharpYaml.UnitTest", "tests\FlattenerTests\Aoxe.Extensions.Configuration.Flattener.SharpYaml.UnitTest\Aoxe.Extensions.Configuration.Flattener.SharpYaml.UnitTest.csproj", "{DB02808D-D12A-410A-87B1-6762827D9206}"
EndProject
Project("{9A19103F-16F7-4668-BE54-9A1E7A4F7556}") = "Aoxe.Extensions.Configuration.Flattener.Tomlet.UnitTest.UnitTest", "tests\FlattenerTests\Aoxe.Extensions.Configuration.Flattener.Tomlet.UnitTest.UnitTest\Aoxe.Extensions.Configuration.Flattener.Tomlet.UnitTest.UnitTest.csproj", "{DE548AC6-0943-4189-89D5-A4E52A969F57}"
EndProject
Project("{9A19103F-16F7-4668-BE54-9A1E7A4F7556}") = "Aoxe.Extensions.Configuration.Flattener.Tomlyn.UnitTest", "tests\FlattenerTests\Aoxe.Extensions.Configuration.Flattener.Tomlyn.UnitTest\Aoxe.Extensions.Configuration.Flattener.Tomlyn.UnitTest.csproj", "{186B04BC-4A4D-429A-8739-20249120D395}"
EndProject
Project("{9A19103F-16F7-4668-BE54-9A1E7A4F7556}") = "Aoxe.Extensions.Configuration.Flattener.Xml.UnitTest", "tests\FlattenerTests\Aoxe.Extensions.Configuration.Flattener.Xml.UnitTest\Aoxe.Extensions.Configuration.Flattener.Xml.UnitTest.csproj", "{A839799D-BF5C-46BF-8CD1-0071C0B7E565}"
EndProject
Project("{9A19103F-16F7-4668-BE54-9A1E7A4F7556}") = "Aoxe.Extensions.Configuration.Flattener.YamlDotNet.UnitTest", "tests\FlattenerTests\Aoxe.Extensions.Configuration.Flattener.YamlDotNet.UnitTest\Aoxe.Extensions.Configuration.Flattener.YamlDotNet.UnitTest.csproj", "{9928A8B1-0E70-41F6-B8FE-8637D44A3E84}"
EndProject
Global
	GlobalSection(SolutionConfigurationPlatforms) = preSolution
		Debug|Any CPU = Debug|Any CPU
		Release|Any CPU = Release|Any CPU
	EndGlobalSection
	GlobalSection(ProjectConfigurationPlatforms) = postSolution
		{D39C3849-0AD1-4159-A48A-0D9E5C4DEDF5}.Debug|Any CPU.ActiveCfg = Debug|Any CPU
		{D39C3849-0AD1-4159-A48A-0D9E5C4DEDF5}.Debug|Any CPU.Build.0 = Debug|Any CPU
		{D39C3849-0AD1-4159-A48A-0D9E5C4DEDF5}.Release|Any CPU.ActiveCfg = Release|Any CPU
		{D39C3849-0AD1-4159-A48A-0D9E5C4DEDF5}.Release|Any CPU.Build.0 = Release|Any CPU
		{41E3EEA2-6720-4AAD-A391-198B99574AAA}.Debug|Any CPU.ActiveCfg = Debug|Any CPU
		{41E3EEA2-6720-4AAD-A391-198B99574AAA}.Debug|Any CPU.Build.0 = Debug|Any CPU
		{41E3EEA2-6720-4AAD-A391-198B99574AAA}.Release|Any CPU.ActiveCfg = Release|Any CPU
		{41E3EEA2-6720-4AAD-A391-198B99574AAA}.Release|Any CPU.Build.0 = Release|Any CPU
		{467F03E1-9FC9-4EF7-B345-76039E5A7218}.Debug|Any CPU.ActiveCfg = Debug|Any CPU
		{467F03E1-9FC9-4EF7-B345-76039E5A7218}.Debug|Any CPU.Build.0 = Debug|Any CPU
		{467F03E1-9FC9-4EF7-B345-76039E5A7218}.Release|Any CPU.ActiveCfg = Release|Any CPU
		{467F03E1-9FC9-4EF7-B345-76039E5A7218}.Release|Any CPU.Build.0 = Release|Any CPU
		{DC197875-DACF-44DD-9557-431C9A8DAA2E}.Debug|Any CPU.ActiveCfg = Debug|Any CPU
		{DC197875-DACF-44DD-9557-431C9A8DAA2E}.Debug|Any CPU.Build.0 = Debug|Any CPU
		{DC197875-DACF-44DD-9557-431C9A8DAA2E}.Release|Any CPU.ActiveCfg = Release|Any CPU
		{DC197875-DACF-44DD-9557-431C9A8DAA2E}.Release|Any CPU.Build.0 = Release|Any CPU
		{02E4FA82-ED98-49A5-B0B8-35EC93C23B9B}.Debug|Any CPU.ActiveCfg = Debug|Any CPU
		{02E4FA82-ED98-49A5-B0B8-35EC93C23B9B}.Debug|Any CPU.Build.0 = Debug|Any CPU
		{02E4FA82-ED98-49A5-B0B8-35EC93C23B9B}.Release|Any CPU.ActiveCfg = Release|Any CPU
		{02E4FA82-ED98-49A5-B0B8-35EC93C23B9B}.Release|Any CPU.Build.0 = Release|Any CPU
		{84F7E09D-901C-4D55-BCD8-E1A2E9E4D295}.Debug|Any CPU.ActiveCfg = Debug|Any CPU
		{84F7E09D-901C-4D55-BCD8-E1A2E9E4D295}.Debug|Any CPU.Build.0 = Debug|Any CPU
		{84F7E09D-901C-4D55-BCD8-E1A2E9E4D295}.Release|Any CPU.ActiveCfg = Release|Any CPU
		{84F7E09D-901C-4D55-BCD8-E1A2E9E4D295}.Release|Any CPU.Build.0 = Release|Any CPU
		{4DB2A442-BB4E-42C7-99D1-711ADB9B0730}.Debug|Any CPU.ActiveCfg = Debug|Any CPU
		{4DB2A442-BB4E-42C7-99D1-711ADB9B0730}.Debug|Any CPU.Build.0 = Debug|Any CPU
		{4DB2A442-BB4E-42C7-99D1-711ADB9B0730}.Release|Any CPU.ActiveCfg = Release|Any CPU
		{4DB2A442-BB4E-42C7-99D1-711ADB9B0730}.Release|Any CPU.Build.0 = Release|Any CPU
		{F2C23A81-8B9C-41DB-8009-32FF65F78D9D}.Debug|Any CPU.ActiveCfg = Debug|Any CPU
		{F2C23A81-8B9C-41DB-8009-32FF65F78D9D}.Debug|Any CPU.Build.0 = Debug|Any CPU
		{F2C23A81-8B9C-41DB-8009-32FF65F78D9D}.Release|Any CPU.ActiveCfg = Release|Any CPU
		{F2C23A81-8B9C-41DB-8009-32FF65F78D9D}.Release|Any CPU.Build.0 = Release|Any CPU
		{053DE0CD-137C-4BA7-9227-8D68FCAA8BE0}.Debug|Any CPU.ActiveCfg = Debug|Any CPU
		{053DE0CD-137C-4BA7-9227-8D68FCAA8BE0}.Debug|Any CPU.Build.0 = Debug|Any CPU
		{053DE0CD-137C-4BA7-9227-8D68FCAA8BE0}.Release|Any CPU.ActiveCfg = Release|Any CPU
		{053DE0CD-137C-4BA7-9227-8D68FCAA8BE0}.Release|Any CPU.Build.0 = Release|Any CPU
		{4D7CAE01-0B2F-408C-BE49-BA22B66C9DDE}.Debug|Any CPU.ActiveCfg = Debug|Any CPU
		{4D7CAE01-0B2F-408C-BE49-BA22B66C9DDE}.Debug|Any CPU.Build.0 = Debug|Any CPU
		{4D7CAE01-0B2F-408C-BE49-BA22B66C9DDE}.Release|Any CPU.ActiveCfg = Release|Any CPU
		{4D7CAE01-0B2F-408C-BE49-BA22B66C9DDE}.Release|Any CPU.Build.0 = Release|Any CPU
		{262C77DC-AB68-4907-8CA7-C1A38963EE33}.Debug|Any CPU.ActiveCfg = Debug|Any CPU
		{262C77DC-AB68-4907-8CA7-C1A38963EE33}.Debug|Any CPU.Build.0 = Debug|Any CPU
		{262C77DC-AB68-4907-8CA7-C1A38963EE33}.Release|Any CPU.ActiveCfg = Release|Any CPU
		{262C77DC-AB68-4907-8CA7-C1A38963EE33}.Release|Any CPU.Build.0 = Release|Any CPU
		{CDC1EC99-27F8-4AFC-9312-B66C6180BC2D}.Debug|Any CPU.ActiveCfg = Debug|Any CPU
		{CDC1EC99-27F8-4AFC-9312-B66C6180BC2D}.Debug|Any CPU.Build.0 = Debug|Any CPU
		{CDC1EC99-27F8-4AFC-9312-B66C6180BC2D}.Release|Any CPU.ActiveCfg = Release|Any CPU
		{CDC1EC99-27F8-4AFC-9312-B66C6180BC2D}.Release|Any CPU.Build.0 = Release|Any CPU
		{7D1509E3-9F79-43BB-9A67-145C3382F82C}.Debug|Any CPU.ActiveCfg = Debug|Any CPU
		{7D1509E3-9F79-43BB-9A67-145C3382F82C}.Debug|Any CPU.Build.0 = Debug|Any CPU
		{7D1509E3-9F79-43BB-9A67-145C3382F82C}.Release|Any CPU.ActiveCfg = Release|Any CPU
		{7D1509E3-9F79-43BB-9A67-145C3382F82C}.Release|Any CPU.Build.0 = Release|Any CPU
		{5B0600F8-907C-4ABE-9A01-94F64C4463D3}.Debug|Any CPU.ActiveCfg = Debug|Any CPU
		{5B0600F8-907C-4ABE-9A01-94F64C4463D3}.Debug|Any CPU.Build.0 = Debug|Any CPU
		{5B0600F8-907C-4ABE-9A01-94F64C4463D3}.Release|Any CPU.ActiveCfg = Release|Any CPU
		{5B0600F8-907C-4ABE-9A01-94F64C4463D3}.Release|Any CPU.Build.0 = Release|Any CPU
		{74F8815A-CC5D-4C8B-993F-85509CAF2CA8}.Debug|Any CPU.ActiveCfg = Debug|Any CPU
		{74F8815A-CC5D-4C8B-993F-85509CAF2CA8}.Debug|Any CPU.Build.0 = Debug|Any CPU
		{74F8815A-CC5D-4C8B-993F-85509CAF2CA8}.Release|Any CPU.ActiveCfg = Release|Any CPU
		{74F8815A-CC5D-4C8B-993F-85509CAF2CA8}.Release|Any CPU.Build.0 = Release|Any CPU
		{C643D13C-0AFE-4AC7-B341-47AE13776C9D}.Debug|Any CPU.ActiveCfg = Debug|Any CPU
		{C643D13C-0AFE-4AC7-B341-47AE13776C9D}.Debug|Any CPU.Build.0 = Debug|Any CPU
		{C643D13C-0AFE-4AC7-B341-47AE13776C9D}.Release|Any CPU.ActiveCfg = Release|Any CPU
		{C643D13C-0AFE-4AC7-B341-47AE13776C9D}.Release|Any CPU.Build.0 = Release|Any CPU
		{9A3C9EBE-E8FB-40FE-8E62-69642EB4725B}.Debug|Any CPU.ActiveCfg = Debug|Any CPU
		{9A3C9EBE-E8FB-40FE-8E62-69642EB4725B}.Debug|Any CPU.Build.0 = Debug|Any CPU
		{9A3C9EBE-E8FB-40FE-8E62-69642EB4725B}.Release|Any CPU.ActiveCfg = Release|Any CPU
		{9A3C9EBE-E8FB-40FE-8E62-69642EB4725B}.Release|Any CPU.Build.0 = Release|Any CPU
		{81032BDE-7AD8-4EE8-A734-7821A65E4C75}.Debug|Any CPU.ActiveCfg = Debug|Any CPU
		{81032BDE-7AD8-4EE8-A734-7821A65E4C75}.Debug|Any CPU.Build.0 = Debug|Any CPU
		{81032BDE-7AD8-4EE8-A734-7821A65E4C75}.Release|Any CPU.ActiveCfg = Release|Any CPU
		{81032BDE-7AD8-4EE8-A734-7821A65E4C75}.Release|Any CPU.Build.0 = Release|Any CPU
		{1B79A88E-89BA-43D7-B625-3CF128253388}.Debug|Any CPU.ActiveCfg = Debug|Any CPU
		{1B79A88E-89BA-43D7-B625-3CF128253388}.Debug|Any CPU.Build.0 = Debug|Any CPU
		{1B79A88E-89BA-43D7-B625-3CF128253388}.Release|Any CPU.ActiveCfg = Release|Any CPU
		{1B79A88E-89BA-43D7-B625-3CF128253388}.Release|Any CPU.Build.0 = Release|Any CPU
		{305B1F17-4973-4FDE-87EC-23320DCF9CF8}.Debug|Any CPU.ActiveCfg = Debug|Any CPU
		{305B1F17-4973-4FDE-87EC-23320DCF9CF8}.Debug|Any CPU.Build.0 = Debug|Any CPU
		{305B1F17-4973-4FDE-87EC-23320DCF9CF8}.Release|Any CPU.ActiveCfg = Release|Any CPU
		{305B1F17-4973-4FDE-87EC-23320DCF9CF8}.Release|Any CPU.Build.0 = Release|Any CPU
		{A1A98E8F-6C29-4C94-819A-E87DFAAD6CAC}.Debug|Any CPU.ActiveCfg = Debug|Any CPU
		{A1A98E8F-6C29-4C94-819A-E87DFAAD6CAC}.Debug|Any CPU.Build.0 = Debug|Any CPU
		{A1A98E8F-6C29-4C94-819A-E87DFAAD6CAC}.Release|Any CPU.ActiveCfg = Release|Any CPU
		{A1A98E8F-6C29-4C94-819A-E87DFAAD6CAC}.Release|Any CPU.Build.0 = Release|Any CPU
		{EB01644A-EB27-4002-B0D8-E97A64496B4A}.Debug|Any CPU.ActiveCfg = Debug|Any CPU
		{EB01644A-EB27-4002-B0D8-E97A64496B4A}.Debug|Any CPU.Build.0 = Debug|Any CPU
		{EB01644A-EB27-4002-B0D8-E97A64496B4A}.Release|Any CPU.ActiveCfg = Release|Any CPU
		{EB01644A-EB27-4002-B0D8-E97A64496B4A}.Release|Any CPU.Build.0 = Release|Any CPU
		{A163F74D-5096-4751-B079-7C010571BB86}.Debug|Any CPU.ActiveCfg = Debug|Any CPU
		{A163F74D-5096-4751-B079-7C010571BB86}.Debug|Any CPU.Build.0 = Debug|Any CPU
		{A163F74D-5096-4751-B079-7C010571BB86}.Release|Any CPU.ActiveCfg = Release|Any CPU
		{A163F74D-5096-4751-B079-7C010571BB86}.Release|Any CPU.Build.0 = Release|Any CPU
		{2FB5C195-CD61-4651-99D4-BE11F4B6BBCD}.Debug|Any CPU.ActiveCfg = Debug|Any CPU
		{2FB5C195-CD61-4651-99D4-BE11F4B6BBCD}.Debug|Any CPU.Build.0 = Debug|Any CPU
		{2FB5C195-CD61-4651-99D4-BE11F4B6BBCD}.Release|Any CPU.ActiveCfg = Release|Any CPU
		{2FB5C195-CD61-4651-99D4-BE11F4B6BBCD}.Release|Any CPU.Build.0 = Release|Any CPU
		{8A290455-E68F-41BF-BEDB-18B65D67C8D3}.Debug|Any CPU.ActiveCfg = Debug|Any CPU
		{8A290455-E68F-41BF-BEDB-18B65D67C8D3}.Debug|Any CPU.Build.0 = Debug|Any CPU
		{8A290455-E68F-41BF-BEDB-18B65D67C8D3}.Release|Any CPU.ActiveCfg = Release|Any CPU
		{8A290455-E68F-41BF-BEDB-18B65D67C8D3}.Release|Any CPU.Build.0 = Release|Any CPU
		{0F03D4C7-A92E-4A91-89CB-2442FB953AA3}.Debug|Any CPU.ActiveCfg = Debug|Any CPU
		{0F03D4C7-A92E-4A91-89CB-2442FB953AA3}.Debug|Any CPU.Build.0 = Debug|Any CPU
		{0F03D4C7-A92E-4A91-89CB-2442FB953AA3}.Release|Any CPU.ActiveCfg = Release|Any CPU
		{0F03D4C7-A92E-4A91-89CB-2442FB953AA3}.Release|Any CPU.Build.0 = Release|Any CPU
		{DEDE5808-5696-4D11-AD60-0597A52BFC41}.Debug|Any CPU.ActiveCfg = Debug|Any CPU
		{DEDE5808-5696-4D11-AD60-0597A52BFC41}.Debug|Any CPU.Build.0 = Debug|Any CPU
		{DEDE5808-5696-4D11-AD60-0597A52BFC41}.Release|Any CPU.ActiveCfg = Release|Any CPU
		{DEDE5808-5696-4D11-AD60-0597A52BFC41}.Release|Any CPU.Build.0 = Release|Any CPU
		{FDF8C950-85FD-4CF1-94ED-0B081B16598B}.Debug|Any CPU.ActiveCfg = Debug|Any CPU
		{FDF8C950-85FD-4CF1-94ED-0B081B16598B}.Debug|Any CPU.Build.0 = Debug|Any CPU
		{FDF8C950-85FD-4CF1-94ED-0B081B16598B}.Release|Any CPU.ActiveCfg = Release|Any CPU
		{FDF8C950-85FD-4CF1-94ED-0B081B16598B}.Release|Any CPU.Build.0 = Release|Any CPU
		{DB02808D-D12A-410A-87B1-6762827D9206}.Debug|Any CPU.ActiveCfg = Debug|Any CPU
		{DB02808D-D12A-410A-87B1-6762827D9206}.Debug|Any CPU.Build.0 = Debug|Any CPU
		{DB02808D-D12A-410A-87B1-6762827D9206}.Release|Any CPU.ActiveCfg = Release|Any CPU
		{DB02808D-D12A-410A-87B1-6762827D9206}.Release|Any CPU.Build.0 = Release|Any CPU
		{DE548AC6-0943-4189-89D5-A4E52A969F57}.Debug|Any CPU.ActiveCfg = Debug|Any CPU
		{DE548AC6-0943-4189-89D5-A4E52A969F57}.Debug|Any CPU.Build.0 = Debug|Any CPU
		{DE548AC6-0943-4189-89D5-A4E52A969F57}.Release|Any CPU.ActiveCfg = Release|Any CPU
		{DE548AC6-0943-4189-89D5-A4E52A969F57}.Release|Any CPU.Build.0 = Release|Any CPU
		{186B04BC-4A4D-429A-8739-20249120D395}.Debug|Any CPU.ActiveCfg = Debug|Any CPU
		{186B04BC-4A4D-429A-8739-20249120D395}.Debug|Any CPU.Build.0 = Debug|Any CPU
		{186B04BC-4A4D-429A-8739-20249120D395}.Release|Any CPU.ActiveCfg = Release|Any CPU
		{186B04BC-4A4D-429A-8739-20249120D395}.Release|Any CPU.Build.0 = Release|Any CPU
		{A839799D-BF5C-46BF-8CD1-0071C0B7E565}.Debug|Any CPU.ActiveCfg = Debug|Any CPU
		{A839799D-BF5C-46BF-8CD1-0071C0B7E565}.Debug|Any CPU.Build.0 = Debug|Any CPU
		{A839799D-BF5C-46BF-8CD1-0071C0B7E565}.Release|Any CPU.ActiveCfg = Release|Any CPU
		{A839799D-BF5C-46BF-8CD1-0071C0B7E565}.Release|Any CPU.Build.0 = Release|Any CPU
		{9928A8B1-0E70-41F6-B8FE-8637D44A3E84}.Debug|Any CPU.ActiveCfg = Debug|Any CPU
		{9928A8B1-0E70-41F6-B8FE-8637D44A3E84}.Debug|Any CPU.Build.0 = Debug|Any CPU
		{9928A8B1-0E70-41F6-B8FE-8637D44A3E84}.Release|Any CPU.ActiveCfg = Release|Any CPU
		{9928A8B1-0E70-41F6-B8FE-8637D44A3E84}.Release|Any CPU.Build.0 = Release|Any CPU
	EndGlobalSection
	GlobalSection(SolutionProperties) = preSolution
		HideSolutionNode = FALSE
	EndGlobalSection
	GlobalSection(NestedProjects) = preSolution
		{D39C3849-0AD1-4159-A48A-0D9E5C4DEDF5} = {F2DAE552-1F9D-455C-BE23-4AF2EE9D93AC}
		{41E3EEA2-6720-4AAD-A391-198B99574AAA} = {F2DAE552-1F9D-455C-BE23-4AF2EE9D93AC}
		{467F03E1-9FC9-4EF7-B345-76039E5A7218} = {F2DAE552-1F9D-455C-BE23-4AF2EE9D93AC}
		{DC197875-DACF-44DD-9557-431C9A8DAA2E} = {F2DAE552-1F9D-455C-BE23-4AF2EE9D93AC}
		{02E4FA82-ED98-49A5-B0B8-35EC93C23B9B} = {F2DAE552-1F9D-455C-BE23-4AF2EE9D93AC}
		{84F7E09D-901C-4D55-BCD8-E1A2E9E4D295} = {F2DAE552-1F9D-455C-BE23-4AF2EE9D93AC}
		{4DB2A442-BB4E-42C7-99D1-711ADB9B0730} = {F2DAE552-1F9D-455C-BE23-4AF2EE9D93AC}
		{F2C23A81-8B9C-41DB-8009-32FF65F78D9D} = {1A7F7476-FFA4-4DA0-8F23-2AA94823922A}
		{053DE0CD-137C-4BA7-9227-8D68FCAA8BE0} = {1A7F7476-FFA4-4DA0-8F23-2AA94823922A}
		{4D7CAE01-0B2F-408C-BE49-BA22B66C9DDE} = {1A7F7476-FFA4-4DA0-8F23-2AA94823922A}
		{262C77DC-AB68-4907-8CA7-C1A38963EE33} = {1A7F7476-FFA4-4DA0-8F23-2AA94823922A}
		{CDC1EC99-27F8-4AFC-9312-B66C6180BC2D} = {1A7F7476-FFA4-4DA0-8F23-2AA94823922A}
		{7D1509E3-9F79-43BB-9A67-145C3382F82C} = {1A7F7476-FFA4-4DA0-8F23-2AA94823922A}
		{5B0600F8-907C-4ABE-9A01-94F64C4463D3} = {1A7F7476-FFA4-4DA0-8F23-2AA94823922A}
		{D393A884-89ED-419E-BEB5-6422A4BA5981} = {F2DAE552-1F9D-455C-BE23-4AF2EE9D93AC}
		{74F8815A-CC5D-4C8B-993F-85509CAF2CA8} = {D393A884-89ED-419E-BEB5-6422A4BA5981}
		{C643D13C-0AFE-4AC7-B341-47AE13776C9D} = {D393A884-89ED-419E-BEB5-6422A4BA5981}
		{9A3C9EBE-E8FB-40FE-8E62-69642EB4725B} = {D393A884-89ED-419E-BEB5-6422A4BA5981}
		{81032BDE-7AD8-4EE8-A734-7821A65E4C75} = {D393A884-89ED-419E-BEB5-6422A4BA5981}
		{1B79A88E-89BA-43D7-B625-3CF128253388} = {D393A884-89ED-419E-BEB5-6422A4BA5981}
		{305B1F17-4973-4FDE-87EC-23320DCF9CF8} = {D393A884-89ED-419E-BEB5-6422A4BA5981}
		{A1A98E8F-6C29-4C94-819A-E87DFAAD6CAC} = {D393A884-89ED-419E-BEB5-6422A4BA5981}
		{EB01644A-EB27-4002-B0D8-E97A64496B4A} = {D393A884-89ED-419E-BEB5-6422A4BA5981}
		{A163F74D-5096-4751-B079-7C010571BB86} = {D393A884-89ED-419E-BEB5-6422A4BA5981}
		{2FB5C195-CD61-4651-99D4-BE11F4B6BBCD} = {D393A884-89ED-419E-BEB5-6422A4BA5981}
		{FAC1E03E-4C1D-4F4A-AB55-41C341488EFE} = {1A7F7476-FFA4-4DA0-8F23-2AA94823922A}
		{8A290455-E68F-41BF-BEDB-18B65D67C8D3} = {FAC1E03E-4C1D-4F4A-AB55-41C341488EFE}
		{0F03D4C7-A92E-4A91-89CB-2442FB953AA3} = {FAC1E03E-4C1D-4F4A-AB55-41C341488EFE}
		{DEDE5808-5696-4D11-AD60-0597A52BFC41} = {FAC1E03E-4C1D-4F4A-AB55-41C341488EFE}
		{FDF8C950-85FD-4CF1-94ED-0B081B16598B} = {FAC1E03E-4C1D-4F4A-AB55-41C341488EFE}
		{DB02808D-D12A-410A-87B1-6762827D9206} = {FAC1E03E-4C1D-4F4A-AB55-41C341488EFE}
		{DE548AC6-0943-4189-89D5-A4E52A969F57} = {FAC1E03E-4C1D-4F4A-AB55-41C341488EFE}
		{186B04BC-4A4D-429A-8739-20249120D395} = {FAC1E03E-4C1D-4F4A-AB55-41C341488EFE}
		{A839799D-BF5C-46BF-8CD1-0071C0B7E565} = {FAC1E03E-4C1D-4F4A-AB55-41C341488EFE}
		{9928A8B1-0E70-41F6-B8FE-8637D44A3E84} = {FAC1E03E-4C1D-4F4A-AB55-41C341488EFE}
	EndGlobalSection
	GlobalSection(ExtensibilityGlobals) = postSolution
		SolutionGuid = {164868AB-60A8-478B-98AE-82A062D36DBD}
	EndGlobalSection
EndGlobal
