
Microsoft Visual Studio Solution File, Format Version 12.00
Project("{2150E333-8FDC-42A3-9474-1A3956D46DE8}") = "src", "src", "{BED7F780-C791-4C6F-8691-10F58AD06F47}"
EndProject
Project("{2150E333-8FDC-42A3-9474-1A3956D46DE8}") = "tests", "tests", "{7C408E2B-EAD2-465A-80F8-822F9ABAB726}"
EndProject
Project("{2150E333-8FDC-42A3-9474-1A3956D46DE8}") = "Parsers", "Parsers", "{7F07D58F-5190-4A7E-8353-0CD359995042}"
EndProject
Project("{FAE04EC0-301F-11D3-BF4B-00C04F79EFBC}") = "Aoxe.Extensions.Configuration.Parser.IniParser", "src\Parsers\Aoxe.Extensions.Configuration.Parser.IniParser\Aoxe.Extensions.Configuration.Parser.IniParser.csproj", "{D9B71D90-5785-4837-AAF3-AB6E8724EDD1}"
EndProject
Project("{FAE04EC0-301F-11D3-BF4B-00C04F79EFBC}") = "Aoxe.Extensions.Configuration.Parser.NewtonsoftJson", "src\Parsers\Aoxe.Extensions.Configuration.Parser.NewtonsoftJson\Aoxe.Extensions.Configuration.Parser.NewtonsoftJson.csproj", "{241EC8E9-9D05-482E-8B87-AB2FC209023A}"
EndProject
Project("{FAE04EC0-301F-11D3-BF4B-00C04F79EFBC}") = "Aoxe.Extensions.Configuration.Parser.Tomlyn", "src\Parsers\Aoxe.Extensions.Configuration.Parser.Tomlyn\Aoxe.Extensions.Configuration.Parser.Tomlyn.csproj", "{CF8CA283-832F-407A-95CE-4FE2557DD056}"
EndProject
Project("{FAE04EC0-301F-11D3-BF4B-00C04F79EFBC}") = "Aoxe.Extensions.Configuration.Parser.YamlDotNet", "src\Parsers\Aoxe.Extensions.Configuration.Parser.YamlDotNet\Aoxe.Extensions.Configuration.Parser.YamlDotNet.csproj", "{BFAE148C-B28E-4B60-AA97-C4A489E84CA2}"
EndProject
Project("{FAE04EC0-301F-11D3-BF4B-00C04F79EFBC}") = "Aoxe.Extensions.Configuration.Parser.Xml", "src\Parsers\Aoxe.Extensions.Configuration.Parser.Xml\Aoxe.Extensions.Configuration.Parser.Xml.csproj", "{45D9361D-0D47-4201-91B8-5B778C8B7F2E}"
EndProject
Project("{FAE04EC0-301F-11D3-BF4B-00C04F79EFBC}") = "Aoxe.Extensions.Configuration.Abstractions", "src\Parsers\Aoxe.Extensions.Configuration.Abstractions\Aoxe.Extensions.Configuration.Abstractions.csproj", "{22F4CA9A-3180-400B-86CB-E68395BF6EB3}"
EndProject
Global
	GlobalSection(SolutionConfigurationPlatforms) = preSolution
		Debug|Any CPU = Debug|Any CPU
		Release|Any CPU = Release|Any CPU
	EndGlobalSection
	GlobalSection(NestedProjects) = preSolution
		{7F07D58F-5190-4A7E-8353-0CD359995042} = {BED7F780-C791-4C6F-8691-10F58AD06F47}
		{D9B71D90-5785-4837-AAF3-AB6E8724EDD1} = {7F07D58F-5190-4A7E-8353-0CD359995042}
		{241EC8E9-9D05-482E-8B87-AB2FC209023A} = {7F07D58F-5190-4A7E-8353-0CD359995042}
		{CF8CA283-832F-407A-95CE-4FE2557DD056} = {7F07D58F-5190-4A7E-8353-0CD359995042}
		{BFAE148C-B28E-4B60-AA97-C4A489E84CA2} = {7F07D58F-5190-4A7E-8353-0CD359995042}
		{45D9361D-0D47-4201-91B8-5B778C8B7F2E} = {7F07D58F-5190-4A7E-8353-0CD359995042}
		{22F4CA9A-3180-400B-86CB-E68395BF6EB3} = {7F07D58F-5190-4A7E-8353-0CD359995042}
	EndGlobalSection
	GlobalSection(ProjectConfigurationPlatforms) = postSolution
		{D9B71D90-5785-4837-AAF3-AB6E8724EDD1}.Debug|Any CPU.ActiveCfg = Debug|Any CPU
		{D9B71D90-5785-4837-AAF3-AB6E8724EDD1}.Debug|Any CPU.Build.0 = Debug|Any CPU
		{D9B71D90-5785-4837-AAF3-AB6E8724EDD1}.Release|Any CPU.ActiveCfg = Release|Any CPU
		{D9B71D90-5785-4837-AAF3-AB6E8724EDD1}.Release|Any CPU.Build.0 = Release|Any CPU
		{241EC8E9-9D05-482E-8B87-AB2FC209023A}.Debug|Any CPU.ActiveCfg = Debug|Any CPU
		{241EC8E9-9D05-482E-8B87-AB2FC209023A}.Debug|Any CPU.Build.0 = Debug|Any CPU
		{241EC8E9-9D05-482E-8B87-AB2FC209023A}.Release|Any CPU.ActiveCfg = Release|Any CPU
		{241EC8E9-9D05-482E-8B87-AB2FC209023A}.Release|Any CPU.Build.0 = Release|Any CPU
		{CF8CA283-832F-407A-95CE-4FE2557DD056}.Debug|Any CPU.ActiveCfg = Debug|Any CPU
		{CF8CA283-832F-407A-95CE-4FE2557DD056}.Debug|Any CPU.Build.0 = Debug|Any CPU
		{CF8CA283-832F-407A-95CE-4FE2557DD056}.Release|Any CPU.ActiveCfg = Release|Any CPU
		{CF8CA283-832F-407A-95CE-4FE2557DD056}.Release|Any CPU.Build.0 = Release|Any CPU
		{BFAE148C-B28E-4B60-AA97-C4A489E84CA2}.Debug|Any CPU.ActiveCfg = Debug|Any CPU
		{BFAE148C-B28E-4B60-AA97-C4A489E84CA2}.Debug|Any CPU.Build.0 = Debug|Any CPU
		{BFAE148C-B28E-4B60-AA97-C4A489E84CA2}.Release|Any CPU.ActiveCfg = Release|Any CPU
		{BFAE148C-B28E-4B60-AA97-C4A489E84CA2}.Release|Any CPU.Build.0 = Release|Any CPU
		{45D9361D-0D47-4201-91B8-5B778C8B7F2E}.Debug|Any CPU.ActiveCfg = Debug|Any CPU
		{45D9361D-0D47-4201-91B8-5B778C8B7F2E}.Debug|Any CPU.Build.0 = Debug|Any CPU
		{45D9361D-0D47-4201-91B8-5B778C8B7F2E}.Release|Any CPU.ActiveCfg = Release|Any CPU
		{45D9361D-0D47-4201-91B8-5B778C8B7F2E}.Release|Any CPU.Build.0 = Release|Any CPU
		{22F4CA9A-3180-400B-86CB-E68395BF6EB3}.Debug|Any CPU.ActiveCfg = Debug|Any CPU
		{22F4CA9A-3180-400B-86CB-E68395BF6EB3}.Debug|Any CPU.Build.0 = Debug|Any CPU
		{22F4CA9A-3180-400B-86CB-E68395BF6EB3}.Release|Any CPU.ActiveCfg = Release|Any CPU
		{22F4CA9A-3180-400B-86CB-E68395BF6EB3}.Release|Any CPU.Build.0 = Release|Any CPU
	EndGlobalSection
EndGlobal
