
Microsoft Visual Studio Solution File, Format Version 12.00
Project("{2150E333-8FDC-42A3-9474-1A3956D46DE8}") = "src", "src", "{BED7F780-C791-4C6F-8691-10F58AD06F47}"
EndProject
Project("{2150E333-8FDC-42A3-9474-1A3956D46DE8}") = "tests", "tests", "{7C408E2B-EAD2-465A-80F8-822F9ABAB726}"
EndProject
Project("{2150E333-8FDC-42A3-9474-1A3956D46DE8}") = "Flatteners", "Flatteners", "{7F07D58F-5190-4A7E-8353-0CD359995042}"
EndProject
Project("{FAE04EC0-301F-11D3-BF4B-00C04F79EFBC}") = "Aoxe.Extensions.Configuration.Flattener.IniParser", "src\Flatteners\Aoxe.Extensions.Configuration.Flattener.IniParser\Aoxe.Extensions.Configuration.Flattener.IniParser.csproj", "{D9B71D90-5785-4837-AAF3-AB6E8724EDD1}"
EndProject
Project("{FAE04EC0-301F-11D3-BF4B-00C04F79EFBC}") = "Aoxe.Extensions.Configuration.Flattener.NewtonsoftJson", "src\Flatteners\Aoxe.Extensions.Configuration.Flattener.NewtonsoftJson\Aoxe.Extensions.Configuration.Flattener.NewtonsoftJson.csproj", "{241EC8E9-9D05-482E-8B87-AB2FC209023A}"
EndProject
Project("{FAE04EC0-301F-11D3-BF4B-00C04F79EFBC}") = "Aoxe.Extensions.Configuration.Flattener.Tomlyn", "src\Flatteners\Aoxe.Extensions.Configuration.Flattener.Tomlyn\Aoxe.Extensions.Configuration.Flattener.Tomlyn.csproj", "{CF8CA283-832F-407A-95CE-4FE2557DD056}"
EndProject
Project("{FAE04EC0-301F-11D3-BF4B-00C04F79EFBC}") = "Aoxe.Extensions.Configuration.Flattener.YamlDotNet", "src\Flatteners\Aoxe.Extensions.Configuration.Flattener.YamlDotNet\Aoxe.Extensions.Configuration.Flattener.YamlDotNet.csproj", "{BFAE148C-B28E-4B60-AA97-C4A489E84CA2}"
EndProject
Project("{FAE04EC0-301F-11D3-BF4B-00C04F79EFBC}") = "Aoxe.Extensions.Configuration.Flattener.Xml", "src\Flatteners\Aoxe.Extensions.Configuration.Flattener.Xml\Aoxe.Extensions.Configuration.Flattener.Xml.csproj", "{45D9361D-0D47-4201-91B8-5B778C8B7F2E}"
EndProject
Project("{FAE04EC0-301F-11D3-BF4B-00C04F79EFBC}") = "Aoxe.Extensions.Configuration.Flattener.Abstractions", "src\Flatteners\Aoxe.Extensions.Configuration.Flattener.Abstractions\Aoxe.Extensions.Configuration.Flattener.Abstractions.csproj", "{22F4CA9A-3180-400B-86CB-E68395BF6EB3}"
EndProject
Project("{FAE04EC0-301F-11D3-BF4B-00C04F79EFBC}") = "Aoxe.Extensions.Configuration", "src\Aoxe.Extensions.Configuration\Aoxe.Extensions.Configuration.csproj", "{38E4BDDB-17CB-4ADF-B746-03D50F4BA526}"
EndProject
Project("{FAE04EC0-301F-11D3-BF4B-00C04F79EFBC}") = "Aoxe.Extensions.Configuration.IniParser", "src\Aoxe.Extensions.Configuration.IniParser\Aoxe.Extensions.Configuration.IniParser.csproj", "{F01ED193-A16C-4B76-837E-F201CADA3A74}"
EndProject
Project("{FAE04EC0-301F-11D3-BF4B-00C04F79EFBC}") = "Aoxe.Extensions.Configuration.NewtonsoftJson", "src\Aoxe.Extensions.Configuration.NewtonsoftJson\Aoxe.Extensions.Configuration.NewtonsoftJson.csproj", "{593BEE29-B5CC-4645-9C8A-3EEB3A8CFACF}"
EndProject
Project("{FAE04EC0-301F-11D3-BF4B-00C04F79EFBC}") = "Aoxe.Extensions.Configuration.Tomlyn", "src\Aoxe.Extensions.Configuration.Tomlyn\Aoxe.Extensions.Configuration.Tomlyn.csproj", "{5DDD9158-27BC-40A8-805D-8E59CDD80BFB}"
EndProject
Project("{FAE04EC0-301F-11D3-BF4B-00C04F79EFBC}") = "Aoxe.Extensions.Configuration.YamlDotNet", "src\Aoxe.Extensions.Configuration.YamlDotNet\Aoxe.Extensions.Configuration.YamlDotNet.csproj", "{6B7B85AD-66DF-4408-B22B-05F19FD970DA}"
EndProject
Project("{FAE04EC0-301F-11D3-BF4B-00C04F79EFBC}") = "Aoxe.IniParserConfiguration.UnitTest", "tests\Aoxe.IniParserConfiguration.UnitTest\Aoxe.IniParserConfiguration.UnitTest.csproj", "{BD69A2F2-2DD9-4395-8AD8-CC24D5CE1CB6}"
EndProject
Project("{FAE04EC0-301F-11D3-BF4B-00C04F79EFBC}") = "Aoxe.Extensions.Configuration.Flattener.Tomlet", "src\Flatteners\Aoxe.Extensions.Configuration.Flattener.Tomlet\Aoxe.Extensions.Configuration.Flattener.Tomlet.csproj", "{875B2071-5915-4687-A5B4-D4F0D3FD0F71}"
EndProject
Project("{FAE04EC0-301F-11D3-BF4B-00C04F79EFBC}") = "Aoxe.Extensions.Configuration.Tomlet", "src\Aoxe.Extensions.Configuration.Tomlet\Aoxe.Extensions.Configuration.Tomlet.csproj", "{4A99B271-05DA-46BB-9B17-3455EB231DE8}"
EndProject
Project("{FAE04EC0-301F-11D3-BF4B-00C04F79EFBC}") = "Aoxe.NewtonsoftJsonConfiguration.UnitTest", "tests\Aoxe.NewtonsoftJsonConfiguration.UnitTest\Aoxe.NewtonsoftJsonConfiguration.UnitTest.csproj", "{B1C10D9A-AC6A-408B-B16C-4026884709D6}"
EndProject
Project("{FAE04EC0-301F-11D3-BF4B-00C04F79EFBC}") = "Aoxe.TomletConfiguration.UnitTest", "tests\Aoxe.TomletConfiguration.UnitTest\Aoxe.TomletConfiguration.UnitTest.csproj", "{00C40CCB-C21E-4471-AE05-DB5DF97070FF}"
EndProject
Project("{FAE04EC0-301F-11D3-BF4B-00C04F79EFBC}") = "Aoxe.TomlynConfiguration.UnitTest", "tests\Aoxe.TomlynConfiguration.UnitTest\Aoxe.TomlynConfiguration.UnitTest.csproj", "{57558F4C-7F12-46BD-BEB5-9CF495F7C729}"
EndProject
Project("{FAE04EC0-301F-11D3-BF4B-00C04F79EFBC}") = "Aoxe.YamlDotNetConfiguration.UnitTest", "tests\Aoxe.YamlDotNetConfiguration.UnitTest\Aoxe.YamlDotNetConfiguration.UnitTest.csproj", "{210BCB1F-A136-4371-8C64-7AE686375818}"
EndProject
Project("{FAE04EC0-301F-11D3-BF4B-00C04F79EFBC}") = "Aoxe.Extensions.Configuration.Flattener.SharpYaml", "src\Flatteners\Aoxe.Extensions.Configuration.Flattener.SharpYaml\Aoxe.Extensions.Configuration.Flattener.SharpYaml.csproj", "{8B8AB139-2C52-48B7-BE7B-0B1E0B018930}"
EndProject
Project("{FAE04EC0-301F-11D3-BF4B-00C04F79EFBC}") = "Aoxe.Extensions.Configuration.SharpYaml", "src\Aoxe.Extensions.Configuration.SharpYaml\Aoxe.Extensions.Configuration.SharpYaml.csproj", "{2F024874-A7DF-4795-A306-D886E528600E}"
EndProject
Project("{FAE04EC0-301F-11D3-BF4B-00C04F79EFBC}") = "Aoxe.SharpYamlConfiguration.UnitTest", "tests\Aoxe.SharpYamlConfiguration.UnitTest\Aoxe.SharpYamlConfiguration.UnitTest.csproj", "{BBED2029-F8C0-4536-B975-DB8ECCADAE50}"
EndProject
Project("{2150E333-8FDC-42A3-9474-1A3956D46DE8}") = "FlattenerTests", "FlattenerTests", "{755A4E4A-0E74-41D1-9414-F4A8359719FB}"
EndProject
Project("{FAE04EC0-301F-11D3-BF4B-00C04F79EFBC}") = "Aoxe.Extensions.Configuration.Flattener.IniParser.UnitTest", "tests\FlattenerTests\Aoxe.Extensions.Configuration.Flattener.IniParser.UnitTest\Aoxe.Extensions.Configuration.Flattener.IniParser.UnitTest.csproj", "{AC0D1710-271D-4B5F-BBA0-FE5969D16904}"
EndProject
Project("{FAE04EC0-301F-11D3-BF4B-00C04F79EFBC}") = "Aoxe.Extensions.Configuration.Flattener.SharpYaml.UnitTest", "tests\FlattenerTests\Aoxe.Extensions.Configuration.Flattener.SharpYaml.UnitTest\Aoxe.Extensions.Configuration.Flattener.SharpYaml.UnitTest.csproj", "{70F7D2DF-9714-471D-B5D9-CA2D17501750}"
EndProject
Project("{FAE04EC0-301F-11D3-BF4B-00C04F79EFBC}") = "Aoxe.Extensions.Configuration.Flattener.NewtonsoftJson.UnitTest", "tests\FlattenerTests\Aoxe.Extensions.Configuration.Flattener.NewtonsoftJson.UnitTest\Aoxe.Extensions.Configuration.Flattener.NewtonsoftJson.UnitTest.csproj", "{43998532-75EE-4260-A4AF-263FB7FCA382}"
EndProject
Project("{FAE04EC0-301F-11D3-BF4B-00C04F79EFBC}") = "Aoxe.Extensions.Configuration.Flattener.Tomlet.UnitTest.UnitTest", "tests\FlattenerTests\Aoxe.Extensions.Configuration.Flattener.Tomlet.UnitTest.UnitTest\Aoxe.Extensions.Configuration.Flattener.Tomlet.UnitTest.UnitTest.csproj", "{4F568EA8-7CA7-4A17-8E3A-8B95D9A36002}"
EndProject
Project("{FAE04EC0-301F-11D3-BF4B-00C04F79EFBC}") = "Aoxe.Extensions.Configuration.Flattener.Tomlyn.UnitTest", "tests\FlattenerTests\Aoxe.Extensions.Configuration.Flattener.Tomlyn.UnitTest\Aoxe.Extensions.Configuration.Flattener.Tomlyn.UnitTest.csproj", "{56F15C82-C4BB-4A43-BD19-9C4379CB48F5}"
EndProject
Project("{FAE04EC0-301F-11D3-BF4B-00C04F79EFBC}") = "Aoxe.Extensions.Configuration.Flattener.Xml.UnitTest", "tests\FlattenerTests\Aoxe.Extensions.Configuration.Flattener.Xml.UnitTest\Aoxe.Extensions.Configuration.Flattener.Xml.UnitTest.csproj", "{7C71E192-4D2F-47D1-A3B5-DAA929B79611}"
EndProject
Project("{FAE04EC0-301F-11D3-BF4B-00C04F79EFBC}") = "Aoxe.Extensions.Configuration.Flattener.YamlDotNet.UnitTest", "tests\FlattenerTests\Aoxe.Extensions.Configuration.Flattener.YamlDotNet.UnitTest\Aoxe.Extensions.Configuration.Flattener.YamlDotNet.UnitTest.csproj", "{95F07F5D-A41B-4BF9-B1D4-AD88471A2A48}"
EndProject
Project("{FAE04EC0-301F-11D3-BF4B-00C04F79EFBC}") = "Aoxe.Configuration.UnitTest", "tests\Aoxe.Configuration.UnitTest\Aoxe.Configuration.UnitTest.csproj", "{49A5811F-1CC5-4B65-8374-A212C730579D}"
EndProject
Project("{FAE04EC0-301F-11D3-BF4B-00C04F79EFBC}") = "Aoxe.Extensions.Configuration.Flattener.Json", "src\Flatteners\Aoxe.Extensions.Configuration.Flattener.Json\Aoxe.Extensions.Configuration.Flattener.Json.csproj", "{C019F0B5-4381-4FBB-8CBA-E6A530049443}"
EndProject
Project("{FAE04EC0-301F-11D3-BF4B-00C04F79EFBC}") = "Aoxe.Extensions.Configuration.Flattener.Ini", "src\Flatteners\Aoxe.Extensions.Configuration.Flattener.Ini\Aoxe.Extensions.Configuration.Flattener.Ini.csproj", "{18A28C95-DECF-4FE8-98AE-701E37E724EB}"
EndProject
Project("{FAE04EC0-301F-11D3-BF4B-00C04F79EFBC}") = "Aoxe.Extensions.Configuration.Flattener.Ini.UnitTest", "tests\FlattenerTests\Aoxe.Extensions.Configuration.Flattener.Ini.UnitTest\Aoxe.Extensions.Configuration.Flattener.Ini.UnitTest.csproj", "{2D1EADDD-D158-4665-92DD-7D2B19085939}"
EndProject
Project("{FAE04EC0-301F-11D3-BF4B-00C04F79EFBC}") = "Aoxe.Extensions.Configuration.Flattener.Json.UnitTest", "tests\FlattenerTests\Aoxe.Extensions.Configuration.Flattener.Json.UnitTest\Aoxe.Extensions.Configuration.Flattener.Json.UnitTest.csproj", "{E778FEC4-2F1B-4B3B-907A-FA8AD356026F}"
EndProject
Global
	GlobalSection(SolutionConfigurationPlatforms) = preSolution
		Debug|Any CPU = Debug|Any CPU
		Release|Any CPU = Release|Any CPU
	EndGlobalSection
	GlobalSection(NestedProjects) = preSolution
		{7F07D58F-5190-4A7E-8353-0CD359995042} = {BED7F780-C791-4C6F-8691-10F58AD06F47}
		{D9B71D90-5785-4837-AAF3-AB6E8724EDD1} = {7F07D58F-5190-4A7E-8353-0CD359995042}
		{241EC8E9-9D05-482E-8B87-AB2FC209023A} = {7F07D58F-5190-4A7E-8353-0CD359995042}
		{CF8CA283-832F-407A-95CE-4FE2557DD056} = {7F07D58F-5190-4A7E-8353-0CD359995042}
		{BFAE148C-B28E-4B60-AA97-C4A489E84CA2} = {7F07D58F-5190-4A7E-8353-0CD359995042}
		{45D9361D-0D47-4201-91B8-5B778C8B7F2E} = {7F07D58F-5190-4A7E-8353-0CD359995042}
		{22F4CA9A-3180-400B-86CB-E68395BF6EB3} = {7F07D58F-5190-4A7E-8353-0CD359995042}
		{38E4BDDB-17CB-4ADF-B746-03D50F4BA526} = {BED7F780-C791-4C6F-8691-10F58AD06F47}
		{F01ED193-A16C-4B76-837E-F201CADA3A74} = {BED7F780-C791-4C6F-8691-10F58AD06F47}
		{593BEE29-B5CC-4645-9C8A-3EEB3A8CFACF} = {BED7F780-C791-4C6F-8691-10F58AD06F47}
		{5DDD9158-27BC-40A8-805D-8E59CDD80BFB} = {BED7F780-C791-4C6F-8691-10F58AD06F47}
		{6B7B85AD-66DF-4408-B22B-05F19FD970DA} = {BED7F780-C791-4C6F-8691-10F58AD06F47}
		{BD69A2F2-2DD9-4395-8AD8-CC24D5CE1CB6} = {7C408E2B-EAD2-465A-80F8-822F9ABAB726}
		{875B2071-5915-4687-A5B4-D4F0D3FD0F71} = {7F07D58F-5190-4A7E-8353-0CD359995042}
		{4A99B271-05DA-46BB-9B17-3455EB231DE8} = {BED7F780-C791-4C6F-8691-10F58AD06F47}
		{B1C10D9A-AC6A-408B-B16C-4026884709D6} = {7C408E2B-EAD2-465A-80F8-822F9ABAB726}
		{00C40CCB-C21E-4471-AE05-DB5DF97070FF} = {7C408E2B-EAD2-465A-80F8-822F9ABAB726}
		{57558F4C-7F12-46BD-BEB5-9CF495F7C729} = {7C408E2B-EAD2-465A-80F8-822F9ABAB726}
		{210BCB1F-A136-4371-8C64-7AE686375818} = {7C408E2B-EAD2-465A-80F8-822F9ABAB726}
		{8B8AB139-2C52-48B7-BE7B-0B1E0B018930} = {7F07D58F-5190-4A7E-8353-0CD359995042}
		{2F024874-A7DF-4795-A306-D886E528600E} = {BED7F780-C791-4C6F-8691-10F58AD06F47}
		{BBED2029-F8C0-4536-B975-DB8ECCADAE50} = {7C408E2B-EAD2-465A-80F8-822F9ABAB726}
		{755A4E4A-0E74-41D1-9414-F4A8359719FB} = {7C408E2B-EAD2-465A-80F8-822F9ABAB726}
		{AC0D1710-271D-4B5F-BBA0-FE5969D16904} = {755A4E4A-0E74-41D1-9414-F4A8359719FB}
		{70F7D2DF-9714-471D-B5D9-CA2D17501750} = {755A4E4A-0E74-41D1-9414-F4A8359719FB}
		{43998532-75EE-4260-A4AF-263FB7FCA382} = {755A4E4A-0E74-41D1-9414-F4A8359719FB}
		{4F568EA8-7CA7-4A17-8E3A-8B95D9A36002} = {755A4E4A-0E74-41D1-9414-F4A8359719FB}
		{56F15C82-C4BB-4A43-BD19-9C4379CB48F5} = {755A4E4A-0E74-41D1-9414-F4A8359719FB}
		{7C71E192-4D2F-47D1-A3B5-DAA929B79611} = {755A4E4A-0E74-41D1-9414-F4A8359719FB}
		{95F07F5D-A41B-4BF9-B1D4-AD88471A2A48} = {755A4E4A-0E74-41D1-9414-F4A8359719FB}
		{49A5811F-1CC5-4B65-8374-A212C730579D} = {7C408E2B-EAD2-465A-80F8-822F9ABAB726}
		{C019F0B5-4381-4FBB-8CBA-E6A530049443} = {7F07D58F-5190-4A7E-8353-0CD359995042}
		{18A28C95-DECF-4FE8-98AE-701E37E724EB} = {7F07D58F-5190-4A7E-8353-0CD359995042}
		{2D1EADDD-D158-4665-92DD-7D2B19085939} = {755A4E4A-0E74-41D1-9414-F4A8359719FB}
		{E778FEC4-2F1B-4B3B-907A-FA8AD356026F} = {755A4E4A-0E74-41D1-9414-F4A8359719FB}
	EndGlobalSection
	GlobalSection(ProjectConfigurationPlatforms) = postSolution
		{D9B71D90-5785-4837-AAF3-AB6E8724EDD1}.Debug|Any CPU.ActiveCfg = Debug|Any CPU
		{D9B71D90-5785-4837-AAF3-AB6E8724EDD1}.Debug|Any CPU.Build.0 = Debug|Any CPU
		{D9B71D90-5785-4837-AAF3-AB6E8724EDD1}.Release|Any CPU.ActiveCfg = Release|Any CPU
		{D9B71D90-5785-4837-AAF3-AB6E8724EDD1}.Release|Any CPU.Build.0 = Release|Any CPU
		{241EC8E9-9D05-482E-8B87-AB2FC209023A}.Debug|Any CPU.ActiveCfg = Debug|Any CPU
		{241EC8E9-9D05-482E-8B87-AB2FC209023A}.Debug|Any CPU.Build.0 = Debug|Any CPU
		{241EC8E9-9D05-482E-8B87-AB2FC209023A}.Release|Any CPU.ActiveCfg = Release|Any CPU
		{241EC8E9-9D05-482E-8B87-AB2FC209023A}.Release|Any CPU.Build.0 = Release|Any CPU
		{CF8CA283-832F-407A-95CE-4FE2557DD056}.Debug|Any CPU.ActiveCfg = Debug|Any CPU
		{CF8CA283-832F-407A-95CE-4FE2557DD056}.Debug|Any CPU.Build.0 = Debug|Any CPU
		{CF8CA283-832F-407A-95CE-4FE2557DD056}.Release|Any CPU.ActiveCfg = Release|Any CPU
		{CF8CA283-832F-407A-95CE-4FE2557DD056}.Release|Any CPU.Build.0 = Release|Any CPU
		{BFAE148C-B28E-4B60-AA97-C4A489E84CA2}.Debug|Any CPU.ActiveCfg = Debug|Any CPU
		{BFAE148C-B28E-4B60-AA97-C4A489E84CA2}.Debug|Any CPU.Build.0 = Debug|Any CPU
		{BFAE148C-B28E-4B60-AA97-C4A489E84CA2}.Release|Any CPU.ActiveCfg = Release|Any CPU
		{BFAE148C-B28E-4B60-AA97-C4A489E84CA2}.Release|Any CPU.Build.0 = Release|Any CPU
		{45D9361D-0D47-4201-91B8-5B778C8B7F2E}.Debug|Any CPU.ActiveCfg = Debug|Any CPU
		{45D9361D-0D47-4201-91B8-5B778C8B7F2E}.Debug|Any CPU.Build.0 = Debug|Any CPU
		{45D9361D-0D47-4201-91B8-5B778C8B7F2E}.Release|Any CPU.ActiveCfg = Release|Any CPU
		{45D9361D-0D47-4201-91B8-5B778C8B7F2E}.Release|Any CPU.Build.0 = Release|Any CPU
		{22F4CA9A-3180-400B-86CB-E68395BF6EB3}.Debug|Any CPU.ActiveCfg = Debug|Any CPU
		{22F4CA9A-3180-400B-86CB-E68395BF6EB3}.Debug|Any CPU.Build.0 = Debug|Any CPU
		{22F4CA9A-3180-400B-86CB-E68395BF6EB3}.Release|Any CPU.ActiveCfg = Release|Any CPU
		{22F4CA9A-3180-400B-86CB-E68395BF6EB3}.Release|Any CPU.Build.0 = Release|Any CPU
		{38E4BDDB-17CB-4ADF-B746-03D50F4BA526}.Debug|Any CPU.ActiveCfg = Debug|Any CPU
		{38E4BDDB-17CB-4ADF-B746-03D50F4BA526}.Debug|Any CPU.Build.0 = Debug|Any CPU
		{38E4BDDB-17CB-4ADF-B746-03D50F4BA526}.Release|Any CPU.ActiveCfg = Release|Any CPU
		{38E4BDDB-17CB-4ADF-B746-03D50F4BA526}.Release|Any CPU.Build.0 = Release|Any CPU
		{F01ED193-A16C-4B76-837E-F201CADA3A74}.Debug|Any CPU.ActiveCfg = Debug|Any CPU
		{F01ED193-A16C-4B76-837E-F201CADA3A74}.Debug|Any CPU.Build.0 = Debug|Any CPU
		{F01ED193-A16C-4B76-837E-F201CADA3A74}.Release|Any CPU.ActiveCfg = Release|Any CPU
		{F01ED193-A16C-4B76-837E-F201CADA3A74}.Release|Any CPU.Build.0 = Release|Any CPU
		{593BEE29-B5CC-4645-9C8A-3EEB3A8CFACF}.Debug|Any CPU.ActiveCfg = Debug|Any CPU
		{593BEE29-B5CC-4645-9C8A-3EEB3A8CFACF}.Debug|Any CPU.Build.0 = Debug|Any CPU
		{593BEE29-B5CC-4645-9C8A-3EEB3A8CFACF}.Release|Any CPU.ActiveCfg = Release|Any CPU
		{593BEE29-B5CC-4645-9C8A-3EEB3A8CFACF}.Release|Any CPU.Build.0 = Release|Any CPU
		{5DDD9158-27BC-40A8-805D-8E59CDD80BFB}.Debug|Any CPU.ActiveCfg = Debug|Any CPU
		{5DDD9158-27BC-40A8-805D-8E59CDD80BFB}.Debug|Any CPU.Build.0 = Debug|Any CPU
		{5DDD9158-27BC-40A8-805D-8E59CDD80BFB}.Release|Any CPU.ActiveCfg = Release|Any CPU
		{5DDD9158-27BC-40A8-805D-8E59CDD80BFB}.Release|Any CPU.Build.0 = Release|Any CPU
		{6B7B85AD-66DF-4408-B22B-05F19FD970DA}.Debug|Any CPU.ActiveCfg = Debug|Any CPU
		{6B7B85AD-66DF-4408-B22B-05F19FD970DA}.Debug|Any CPU.Build.0 = Debug|Any CPU
		{6B7B85AD-66DF-4408-B22B-05F19FD970DA}.Release|Any CPU.ActiveCfg = Release|Any CPU
		{6B7B85AD-66DF-4408-B22B-05F19FD970DA}.Release|Any CPU.Build.0 = Release|Any CPU
		{BD69A2F2-2DD9-4395-8AD8-CC24D5CE1CB6}.Debug|Any CPU.ActiveCfg = Debug|Any CPU
		{BD69A2F2-2DD9-4395-8AD8-CC24D5CE1CB6}.Debug|Any CPU.Build.0 = Debug|Any CPU
		{BD69A2F2-2DD9-4395-8AD8-CC24D5CE1CB6}.Release|Any CPU.ActiveCfg = Release|Any CPU
		{BD69A2F2-2DD9-4395-8AD8-CC24D5CE1CB6}.Release|Any CPU.Build.0 = Release|Any CPU
		{875B2071-5915-4687-A5B4-D4F0D3FD0F71}.Debug|Any CPU.ActiveCfg = Debug|Any CPU
		{875B2071-5915-4687-A5B4-D4F0D3FD0F71}.Debug|Any CPU.Build.0 = Debug|Any CPU
		{875B2071-5915-4687-A5B4-D4F0D3FD0F71}.Release|Any CPU.ActiveCfg = Release|Any CPU
		{875B2071-5915-4687-A5B4-D4F0D3FD0F71}.Release|Any CPU.Build.0 = Release|Any CPU
		{4A99B271-05DA-46BB-9B17-3455EB231DE8}.Debug|Any CPU.ActiveCfg = Debug|Any CPU
		{4A99B271-05DA-46BB-9B17-3455EB231DE8}.Debug|Any CPU.Build.0 = Debug|Any CPU
		{4A99B271-05DA-46BB-9B17-3455EB231DE8}.Release|Any CPU.ActiveCfg = Release|Any CPU
		{4A99B271-05DA-46BB-9B17-3455EB231DE8}.Release|Any CPU.Build.0 = Release|Any CPU
		{B1C10D9A-AC6A-408B-B16C-4026884709D6}.Debug|Any CPU.ActiveCfg = Debug|Any CPU
		{B1C10D9A-AC6A-408B-B16C-4026884709D6}.Debug|Any CPU.Build.0 = Debug|Any CPU
		{B1C10D9A-AC6A-408B-B16C-4026884709D6}.Release|Any CPU.ActiveCfg = Release|Any CPU
		{B1C10D9A-AC6A-408B-B16C-4026884709D6}.Release|Any CPU.Build.0 = Release|Any CPU
		{00C40CCB-C21E-4471-AE05-DB5DF97070FF}.Debug|Any CPU.ActiveCfg = Debug|Any CPU
		{00C40CCB-C21E-4471-AE05-DB5DF97070FF}.Debug|Any CPU.Build.0 = Debug|Any CPU
		{00C40CCB-C21E-4471-AE05-DB5DF97070FF}.Release|Any CPU.ActiveCfg = Release|Any CPU
		{00C40CCB-C21E-4471-AE05-DB5DF97070FF}.Release|Any CPU.Build.0 = Release|Any CPU
		{57558F4C-7F12-46BD-BEB5-9CF495F7C729}.Debug|Any CPU.ActiveCfg = Debug|Any CPU
		{57558F4C-7F12-46BD-BEB5-9CF495F7C729}.Debug|Any CPU.Build.0 = Debug|Any CPU
		{57558F4C-7F12-46BD-BEB5-9CF495F7C729}.Release|Any CPU.ActiveCfg = Release|Any CPU
		{57558F4C-7F12-46BD-BEB5-9CF495F7C729}.Release|Any CPU.Build.0 = Release|Any CPU
		{210BCB1F-A136-4371-8C64-7AE686375818}.Debug|Any CPU.ActiveCfg = Debug|Any CPU
		{210BCB1F-A136-4371-8C64-7AE686375818}.Debug|Any CPU.Build.0 = Debug|Any CPU
		{210BCB1F-A136-4371-8C64-7AE686375818}.Release|Any CPU.ActiveCfg = Release|Any CPU
		{210BCB1F-A136-4371-8C64-7AE686375818}.Release|Any CPU.Build.0 = Release|Any CPU
		{8B8AB139-2C52-48B7-BE7B-0B1E0B018930}.Debug|Any CPU.ActiveCfg = Debug|Any CPU
		{8B8AB139-2C52-48B7-BE7B-0B1E0B018930}.Debug|Any CPU.Build.0 = Debug|Any CPU
		{8B8AB139-2C52-48B7-BE7B-0B1E0B018930}.Release|Any CPU.ActiveCfg = Release|Any CPU
		{8B8AB139-2C52-48B7-BE7B-0B1E0B018930}.Release|Any CPU.Build.0 = Release|Any CPU
		{2F024874-A7DF-4795-A306-D886E528600E}.Debug|Any CPU.ActiveCfg = Debug|Any CPU
		{2F024874-A7DF-4795-A306-D886E528600E}.Debug|Any CPU.Build.0 = Debug|Any CPU
		{2F024874-A7DF-4795-A306-D886E528600E}.Release|Any CPU.ActiveCfg = Release|Any CPU
		{2F024874-A7DF-4795-A306-D886E528600E}.Release|Any CPU.Build.0 = Release|Any CPU
		{BBED2029-F8C0-4536-B975-DB8ECCADAE50}.Debug|Any CPU.ActiveCfg = Debug|Any CPU
		{BBED2029-F8C0-4536-B975-DB8ECCADAE50}.Debug|Any CPU.Build.0 = Debug|Any CPU
		{BBED2029-F8C0-4536-B975-DB8ECCADAE50}.Release|Any CPU.ActiveCfg = Release|Any CPU
		{BBED2029-F8C0-4536-B975-DB8ECCADAE50}.Release|Any CPU.Build.0 = Release|Any CPU
		{AC0D1710-271D-4B5F-BBA0-FE5969D16904}.Debug|Any CPU.ActiveCfg = Debug|Any CPU
		{AC0D1710-271D-4B5F-BBA0-FE5969D16904}.Debug|Any CPU.Build.0 = Debug|Any CPU
		{AC0D1710-271D-4B5F-BBA0-FE5969D16904}.Release|Any CPU.ActiveCfg = Release|Any CPU
		{AC0D1710-271D-4B5F-BBA0-FE5969D16904}.Release|Any CPU.Build.0 = Release|Any CPU
		{70F7D2DF-9714-471D-B5D9-CA2D17501750}.Debug|Any CPU.ActiveCfg = Debug|Any CPU
		{70F7D2DF-9714-471D-B5D9-CA2D17501750}.Debug|Any CPU.Build.0 = Debug|Any CPU
		{70F7D2DF-9714-471D-B5D9-CA2D17501750}.Release|Any CPU.ActiveCfg = Release|Any CPU
		{70F7D2DF-9714-471D-B5D9-CA2D17501750}.Release|Any CPU.Build.0 = Release|Any CPU
		{43998532-75EE-4260-A4AF-263FB7FCA382}.Debug|Any CPU.ActiveCfg = Debug|Any CPU
		{43998532-75EE-4260-A4AF-263FB7FCA382}.Debug|Any CPU.Build.0 = Debug|Any CPU
		{43998532-75EE-4260-A4AF-263FB7FCA382}.Release|Any CPU.ActiveCfg = Release|Any CPU
		{43998532-75EE-4260-A4AF-263FB7FCA382}.Release|Any CPU.Build.0 = Release|Any CPU
		{4F568EA8-7CA7-4A17-8E3A-8B95D9A36002}.Debug|Any CPU.ActiveCfg = Debug|Any CPU
		{4F568EA8-7CA7-4A17-8E3A-8B95D9A36002}.Debug|Any CPU.Build.0 = Debug|Any CPU
		{4F568EA8-7CA7-4A17-8E3A-8B95D9A36002}.Release|Any CPU.ActiveCfg = Release|Any CPU
		{4F568EA8-7CA7-4A17-8E3A-8B95D9A36002}.Release|Any CPU.Build.0 = Release|Any CPU
		{56F15C82-C4BB-4A43-BD19-9C4379CB48F5}.Debug|Any CPU.ActiveCfg = Debug|Any CPU
		{56F15C82-C4BB-4A43-BD19-9C4379CB48F5}.Debug|Any CPU.Build.0 = Debug|Any CPU
		{56F15C82-C4BB-4A43-BD19-9C4379CB48F5}.Release|Any CPU.ActiveCfg = Release|Any CPU
		{56F15C82-C4BB-4A43-BD19-9C4379CB48F5}.Release|Any CPU.Build.0 = Release|Any CPU
		{7C71E192-4D2F-47D1-A3B5-DAA929B79611}.Debug|Any CPU.ActiveCfg = Debug|Any CPU
		{7C71E192-4D2F-47D1-A3B5-DAA929B79611}.Debug|Any CPU.Build.0 = Debug|Any CPU
		{7C71E192-4D2F-47D1-A3B5-DAA929B79611}.Release|Any CPU.ActiveCfg = Release|Any CPU
		{7C71E192-4D2F-47D1-A3B5-DAA929B79611}.Release|Any CPU.Build.0 = Release|Any CPU
		{95F07F5D-A41B-4BF9-B1D4-AD88471A2A48}.Debug|Any CPU.ActiveCfg = Debug|Any CPU
		{95F07F5D-A41B-4BF9-B1D4-AD88471A2A48}.Debug|Any CPU.Build.0 = Debug|Any CPU
		{95F07F5D-A41B-4BF9-B1D4-AD88471A2A48}.Release|Any CPU.ActiveCfg = Release|Any CPU
		{95F07F5D-A41B-4BF9-B1D4-AD88471A2A48}.Release|Any CPU.Build.0 = Release|Any CPU
		{49A5811F-1CC5-4B65-8374-A212C730579D}.Debug|Any CPU.ActiveCfg = Debug|Any CPU
		{49A5811F-1CC5-4B65-8374-A212C730579D}.Debug|Any CPU.Build.0 = Debug|Any CPU
		{49A5811F-1CC5-4B65-8374-A212C730579D}.Release|Any CPU.ActiveCfg = Release|Any CPU
		{49A5811F-1CC5-4B65-8374-A212C730579D}.Release|Any CPU.Build.0 = Release|Any CPU
		{C019F0B5-4381-4FBB-8CBA-E6A530049443}.Debug|Any CPU.ActiveCfg = Debug|Any CPU
		{C019F0B5-4381-4FBB-8CBA-E6A530049443}.Debug|Any CPU.Build.0 = Debug|Any CPU
		{C019F0B5-4381-4FBB-8CBA-E6A530049443}.Release|Any CPU.ActiveCfg = Release|Any CPU
		{C019F0B5-4381-4FBB-8CBA-E6A530049443}.Release|Any CPU.Build.0 = Release|Any CPU
		{18A28C95-DECF-4FE8-98AE-701E37E724EB}.Debug|Any CPU.ActiveCfg = Debug|Any CPU
		{18A28C95-DECF-4FE8-98AE-701E37E724EB}.Debug|Any CPU.Build.0 = Debug|Any CPU
		{18A28C95-DECF-4FE8-98AE-701E37E724EB}.Release|Any CPU.ActiveCfg = Release|Any CPU
		{18A28C95-DECF-4FE8-98AE-701E37E724EB}.Release|Any CPU.Build.0 = Release|Any CPU
		{2D1EADDD-D158-4665-92DD-7D2B19085939}.Debug|Any CPU.ActiveCfg = Debug|Any CPU
		{2D1EADDD-D158-4665-92DD-7D2B19085939}.Debug|Any CPU.Build.0 = Debug|Any CPU
		{2D1EADDD-D158-4665-92DD-7D2B19085939}.Release|Any CPU.ActiveCfg = Release|Any CPU
		{2D1EADDD-D158-4665-92DD-7D2B19085939}.Release|Any CPU.Build.0 = Release|Any CPU
		{E778FEC4-2F1B-4B3B-907A-FA8AD356026F}.Debug|Any CPU.ActiveCfg = Debug|Any CPU
		{E778FEC4-2F1B-4B3B-907A-FA8AD356026F}.Debug|Any CPU.Build.0 = Debug|Any CPU
		{E778FEC4-2F1B-4B3B-907A-FA8AD356026F}.Release|Any CPU.ActiveCfg = Release|Any CPU
		{E778FEC4-2F1B-4B3B-907A-FA8AD356026F}.Release|Any CPU.Build.0 = Release|Any CPU
	EndGlobalSection
EndGlobal
